
Microsoft Visual Studio Solution File, Format Version 12.00
# Visual Studio Version 17
VisualStudioVersion = 17.8.34408.163
MinimumVisualStudioVersion = 10.0.40219.1
Project("{2150E333-8FDC-42A3-9474-1A3956D46DE8}") = "Domain", "Domain", "{5A82AFEA-3D29-46A0-B0D9-BEAD22145D05}"
EndProject
Project("{FAE04EC0-301F-11D3-BF4B-00C04F79EFBC}") = "CartDomain", "CartDomain\CartDomain.csproj", "{05CDED23-7679-4A35-99BD-8F61F5C6FB6E}"
EndProject
Project("{2150E333-8FDC-42A3-9474-1A3956D46DE8}") = "Application", "Application", "{3DEB69C4-6536-44ED-B6E4-7F7AEFBBDCB7}"
EndProject
Project("{FAE04EC0-301F-11D3-BF4B-00C04F79EFBC}") = "CartApplication", "CartApplication\CartApplication.csproj", "{8ED0C406-15E5-477B-9442-1470F6423229}"
EndProject
Project("{2150E333-8FDC-42A3-9474-1A3956D46DE8}") = "Infrastructure", "Infrastructure", "{F2DA1753-75D4-4834-BB29-386C03088B58}"
EndProject
Project("{FAE04EC0-301F-11D3-BF4B-00C04F79EFBC}") = "CartInfrastructure", "CartInfrastructure\CartInfrastructure.csproj", "{E19C5D01-00F1-45C2-A766-8749DEF76B10}"
EndProject
Project("{FAE04EC0-301F-11D3-BF4B-00C04F79EFBC}") = "CartAPI", "CartAPI\CartAPI.csproj", "{206DF472-48AA-4A2C-8D0B-24DD2EC522A4}"
EndProject
Global
	GlobalSection(SolutionConfigurationPlatforms) = preSolution
		Debug|Any CPU = Debug|Any CPU
		Release|Any CPU = Release|Any CPU
	EndGlobalSection
	GlobalSection(ProjectConfigurationPlatforms) = postSolution
		{05CDED23-7679-4A35-99BD-8F61F5C6FB6E}.Debug|Any CPU.ActiveCfg = Debug|Any CPU
		{05CDED23-7679-4A35-99BD-8F61F5C6FB6E}.Debug|Any CPU.Build.0 = Debug|Any CPU
		{05CDED23-7679-4A35-99BD-8F61F5C6FB6E}.Release|Any CPU.ActiveCfg = Release|Any CPU
		{05CDED23-7679-4A35-99BD-8F61F5C6FB6E}.Release|Any CPU.Build.0 = Release|Any CPU
		{8ED0C406-15E5-477B-9442-1470F6423229}.Debug|Any CPU.ActiveCfg = Debug|Any CPU
		{8ED0C406-15E5-477B-9442-1470F6423229}.Debug|Any CPU.Build.0 = Debug|Any CPU
		{8ED0C406-15E5-477B-9442-1470F6423229}.Release|Any CPU.ActiveCfg = Release|Any CPU
		{8ED0C406-15E5-477B-9442-1470F6423229}.Release|Any CPU.Build.0 = Release|Any CPU
		{E19C5D01-00F1-45C2-A766-8749DEF76B10}.Debug|Any CPU.ActiveCfg = Debug|Any CPU
		{E19C5D01-00F1-45C2-A766-8749DEF76B10}.Debug|Any CPU.Build.0 = Debug|Any CPU
		{E19C5D01-00F1-45C2-A766-8749DEF76B10}.Release|Any CPU.ActiveCfg = Release|Any CPU
		{E19C5D01-00F1-45C2-A766-8749DEF76B10}.Release|Any CPU.Build.0 = Release|Any CPU
		{206DF472-48AA-4A2C-8D0B-24DD2EC522A4}.Debug|Any CPU.ActiveCfg = Debug|Any CPU
		{206DF472-48AA-4A2C-8D0B-24DD2EC522A4}.Debug|Any CPU.Build.0 = Debug|Any CPU
		{206DF472-48AA-4A2C-8D0B-24DD2EC522A4}.Release|Any CPU.ActiveCfg = Release|Any CPU
		{206DF472-48AA-4A2C-8D0B-24DD2EC522A4}.Release|Any CPU.Build.0 = Release|Any CPU
	EndGlobalSection
	GlobalSection(SolutionProperties) = preSolution
		HideSolutionNode = FALSE
	EndGlobalSection
	GlobalSection(NestedProjects) = preSolution
		{05CDED23-7679-4A35-99BD-8F61F5C6FB6E} = {5A82AFEA-3D29-46A0-B0D9-BEAD22145D05}
		{8ED0C406-15E5-477B-9442-1470F6423229} = {3DEB69C4-6536-44ED-B6E4-7F7AEFBBDCB7}
		{E19C5D01-00F1-45C2-A766-8749DEF76B10} = {F2DA1753-75D4-4834-BB29-386C03088B58}
	EndGlobalSection
	GlobalSection(ExtensibilityGlobals) = postSolution
		SolutionGuid = {90DD40F2-3DA9-4FC7-9086-BCD1ABAF924D}
	EndGlobalSection
EndGlobal
